
Microsoft Visual Studio Solution File, Format Version 12.00
# Visual Studio Version 16
VisualStudioVersion = 16.0.29519.87
MinimumVisualStudioVersion = 10.0.40219.1
Project("{FAE04EC0-301F-11D3-BF4B-00C04F79EFBC}") = "Homework2.UWP", "Homework2\Homework2.UWP\Homework2.UWP.csproj", "{B9238EE3-FCCE-4E8E-8BC9-E1C0E710DEF9}"
EndProject
Project("{FAE04EC0-301F-11D3-BF4B-00C04F79EFBC}") = "Homework2.Android", "Homework2\Homework2.Android\Homework2.Android.csproj", "{F1F57437-E635-488C-8F3E-EEFE36316C2D}"
EndProject
Project("{FAE04EC0-301F-11D3-BF4B-00C04F79EFBC}") = "Homework2.iOS", "Homework2\Homework2.iOS\Homework2.iOS.csproj", "{EF9CD4B4-E8BB-4BFF-A6EE-96C9E98D4D91}"
EndProject
Project("{FAE04EC0-301F-11D3-BF4B-00C04F79EFBC}") = "Homework2", "Homework2\Homework2\Homework2.csproj", "{4ABA2B5F-FC5E-4E54-A7A4-D69A65DC03D1}"
EndProject
Global
	GlobalSection(SolutionConfigurationPlatforms) = preSolution
		Debug|Any CPU = Debug|Any CPU
		Debug|ARM = Debug|ARM
		Debug|iPhone = Debug|iPhone
		Debug|iPhoneSimulator = Debug|iPhoneSimulator
		Debug|x64 = Debug|x64
		Debug|x86 = Debug|x86
		Release|Any CPU = Release|Any CPU
		Release|ARM = Release|ARM
		Release|iPhone = Release|iPhone
		Release|iPhoneSimulator = Release|iPhoneSimulator
		Release|x64 = Release|x64
		Release|x86 = Release|x86
	EndGlobalSection
	GlobalSection(ProjectConfigurationPlatforms) = postSolution
		{B9238EE3-FCCE-4E8E-8BC9-E1C0E710DEF9}.Debug|Any CPU.ActiveCfg = Debug|x86
		{B9238EE3-FCCE-4E8E-8BC9-E1C0E710DEF9}.Debug|Any CPU.Build.0 = Debug|x86
		{B9238EE3-FCCE-4E8E-8BC9-E1C0E710DEF9}.Debug|Any CPU.Deploy.0 = Debug|x86
		{B9238EE3-FCCE-4E8E-8BC9-E1C0E710DEF9}.Debug|ARM.ActiveCfg = Debug|ARM
		{B9238EE3-FCCE-4E8E-8BC9-E1C0E710DEF9}.Debug|ARM.Build.0 = Debug|ARM
		{B9238EE3-FCCE-4E8E-8BC9-E1C0E710DEF9}.Debug|ARM.Deploy.0 = Debug|ARM
		{B9238EE3-FCCE-4E8E-8BC9-E1C0E710DEF9}.Debug|iPhone.ActiveCfg = Debug|x86
		{B9238EE3-FCCE-4E8E-8BC9-E1C0E710DEF9}.Debug|iPhone.Build.0 = Debug|x86
		{B9238EE3-FCCE-4E8E-8BC9-E1C0E710DEF9}.Debug|iPhone.Deploy.0 = Debug|x86
		{B9238EE3-FCCE-4E8E-8BC9-E1C0E710DEF9}.Debug|iPhoneSimulator.ActiveCfg = Debug|x86
		{B9238EE3-FCCE-4E8E-8BC9-E1C0E710DEF9}.Debug|iPhoneSimulator.Build.0 = Debug|x86
		{B9238EE3-FCCE-4E8E-8BC9-E1C0E710DEF9}.Debug|iPhoneSimulator.Deploy.0 = Debug|x86
		{B9238EE3-FCCE-4E8E-8BC9-E1C0E710DEF9}.Debug|x64.ActiveCfg = Debug|x64
		{B9238EE3-FCCE-4E8E-8BC9-E1C0E710DEF9}.Debug|x64.Build.0 = Debug|x64
		{B9238EE3-FCCE-4E8E-8BC9-E1C0E710DEF9}.Debug|x64.Deploy.0 = Debug|x64
		{B9238EE3-FCCE-4E8E-8BC9-E1C0E710DEF9}.Debug|x86.ActiveCfg = Debug|x86
		{B9238EE3-FCCE-4E8E-8BC9-E1C0E710DEF9}.Debug|x86.Build.0 = Debug|x86
		{B9238EE3-FCCE-4E8E-8BC9-E1C0E710DEF9}.Debug|x86.Deploy.0 = Debug|x86
		{B9238EE3-FCCE-4E8E-8BC9-E1C0E710DEF9}.Release|Any CPU.ActiveCfg = Release|x86
		{B9238EE3-FCCE-4E8E-8BC9-E1C0E710DEF9}.Release|Any CPU.Build.0 = Release|x86
		{B9238EE3-FCCE-4E8E-8BC9-E1C0E710DEF9}.Release|Any CPU.Deploy.0 = Release|x86
		{B9238EE3-FCCE-4E8E-8BC9-E1C0E710DEF9}.Release|ARM.ActiveCfg = Release|ARM
		{B9238EE3-FCCE-4E8E-8BC9-E1C0E710DEF9}.Release|ARM.Build.0 = Release|ARM
		{B9238EE3-FCCE-4E8E-8BC9-E1C0E710DEF9}.Release|ARM.Deploy.0 = Release|ARM
		{B9238EE3-FCCE-4E8E-8BC9-E1C0E710DEF9}.Release|iPhone.ActiveCfg = Release|x86
		{B9238EE3-FCCE-4E8E-8BC9-E1C0E710DEF9}.Release|iPhone.Build.0 = Release|x86
		{B9238EE3-FCCE-4E8E-8BC9-E1C0E710DEF9}.Release|iPhone.Deploy.0 = Release|x86
		{B9238EE3-FCCE-4E8E-8BC9-E1C0E710DEF9}.Release|iPhoneSimulator.ActiveCfg = Release|x86
		{B9238EE3-FCCE-4E8E-8BC9-E1C0E710DEF9}.Release|iPhoneSimulator.Build.0 = Release|x86
		{B9238EE3-FCCE-4E8E-8BC9-E1C0E710DEF9}.Release|iPhoneSimulator.Deploy.0 = Release|x86
		{B9238EE3-FCCE-4E8E-8BC9-E1C0E710DEF9}.Release|x64.ActiveCfg = Release|x64
		{B9238EE3-FCCE-4E8E-8BC9-E1C0E710DEF9}.Release|x64.Build.0 = Release|x64
		{B9238EE3-FCCE-4E8E-8BC9-E1C0E710DEF9}.Release|x64.Deploy.0 = Release|x64
		{B9238EE3-FCCE-4E8E-8BC9-E1C0E710DEF9}.Release|x86.ActiveCfg = Release|x86
		{B9238EE3-FCCE-4E8E-8BC9-E1C0E710DEF9}.Release|x86.Build.0 = Release|x86
		{B9238EE3-FCCE-4E8E-8BC9-E1C0E710DEF9}.Release|x86.Deploy.0 = Release|x86
		{F1F57437-E635-488C-8F3E-EEFE36316C2D}.Debug|Any CPU.ActiveCfg = Debug|Any CPU
		{F1F57437-E635-488C-8F3E-EEFE36316C2D}.Debug|Any CPU.Build.0 = Debug|Any CPU
		{F1F57437-E635-488C-8F3E-EEFE36316C2D}.Debug|Any CPU.Deploy.0 = Debug|Any CPU
		{F1F57437-E635-488C-8F3E-EEFE36316C2D}.Debug|ARM.ActiveCfg = Debug|Any CPU
		{F1F57437-E635-488C-8F3E-EEFE36316C2D}.Debug|ARM.Build.0 = Debug|Any CPU
		{F1F57437-E635-488C-8F3E-EEFE36316C2D}.Debug|ARM.Deploy.0 = Debug|Any CPU
		{F1F57437-E635-488C-8F3E-EEFE36316C2D}.Debug|iPhone.ActiveCfg = Debug|Any CPU
		{F1F57437-E635-488C-8F3E-EEFE36316C2D}.Debug|iPhone.Build.0 = Debug|Any CPU
		{F1F57437-E635-488C-8F3E-EEFE36316C2D}.Debug|iPhone.Deploy.0 = Debug|Any CPU
		{F1F57437-E635-488C-8F3E-EEFE36316C2D}.Debug|iPhoneSimulator.ActiveCfg = Debug|Any CPU
		{F1F57437-E635-488C-8F3E-EEFE36316C2D}.Debug|iPhoneSimulator.Build.0 = Debug|Any CPU
		{F1F57437-E635-488C-8F3E-EEFE36316C2D}.Debug|iPhoneSimulator.Deploy.0 = Debug|Any CPU
		{F1F57437-E635-488C-8F3E-EEFE36316C2D}.Debug|x64.ActiveCfg = Debug|Any CPU
		{F1F57437-E635-488C-8F3E-EEFE36316C2D}.Debug|x64.Build.0 = Debug|Any CPU
		{F1F57437-E635-488C-8F3E-EEFE36316C2D}.Debug|x64.Deploy.0 = Debug|Any CPU
		{F1F57437-E635-488C-8F3E-EEFE36316C2D}.Debug|x86.ActiveCfg = Debug|Any CPU
		{F1F57437-E635-488C-8F3E-EEFE36316C2D}.Debug|x86.Build.0 = Debug|Any CPU
		{F1F57437-E635-488C-8F3E-EEFE36316C2D}.Debug|x86.Deploy.0 = Debug|Any CPU
		{F1F57437-E635-488C-8F3E-EEFE36316C2D}.Release|Any CPU.ActiveCfg = Release|Any CPU
		{F1F57437-E635-488C-8F3E-EEFE36316C2D}.Release|Any CPU.Build.0 = Release|Any CPU
		{F1F57437-E635-488C-8F3E-EEFE36316C2D}.Release|Any CPU.Deploy.0 = Release|Any CPU
		{F1F57437-E635-488C-8F3E-EEFE36316C2D}.Release|ARM.ActiveCfg = Release|Any CPU
		{F1F57437-E635-488C-8F3E-EEFE36316C2D}.Release|ARM.Build.0 = Release|Any CPU
		{F1F57437-E635-488C-8F3E-EEFE36316C2D}.Release|ARM.Deploy.0 = Release|Any CPU
		{F1F57437-E635-488C-8F3E-EEFE36316C2D}.Release|iPhone.ActiveCfg = Release|Any CPU
		{F1F57437-E635-488C-8F3E-EEFE36316C2D}.Release|iPhone.Build.0 = Release|Any CPU
		{F1F57437-E635-488C-8F3E-EEFE36316C2D}.Release|iPhone.Deploy.0 = Release|Any CPU
		{F1F57437-E635-488C-8F3E-EEFE36316C2D}.Release|iPhoneSimulator.ActiveCfg = Release|Any CPU
		{F1F57437-E635-488C-8F3E-EEFE36316C2D}.Release|iPhoneSimulator.Build.0 = Release|Any CPU
		{F1F57437-E635-488C-8F3E-EEFE36316C2D}.Release|iPhoneSimulator.Deploy.0 = Release|Any CPU
		{F1F57437-E635-488C-8F3E-EEFE36316C2D}.Release|x64.ActiveCfg = Release|Any CPU
		{F1F57437-E635-488C-8F3E-EEFE36316C2D}.Release|x64.Build.0 = Release|Any CPU
		{F1F57437-E635-488C-8F3E-EEFE36316C2D}.Release|x64.Deploy.0 = Release|Any CPU
		{F1F57437-E635-488C-8F3E-EEFE36316C2D}.Release|x86.ActiveCfg = Release|Any CPU
		{F1F57437-E635-488C-8F3E-EEFE36316C2D}.Release|x86.Build.0 = Release|Any CPU
		{F1F57437-E635-488C-8F3E-EEFE36316C2D}.Release|x86.Deploy.0 = Release|Any CPU
		{EF9CD4B4-E8BB-4BFF-A6EE-96C9E98D4D91}.Debug|Any CPU.ActiveCfg = Debug|iPhone
		{EF9CD4B4-E8BB-4BFF-A6EE-96C9E98D4D91}.Debug|Any CPU.Build.0 = Debug|iPhone
		{EF9CD4B4-E8BB-4BFF-A6EE-96C9E98D4D91}.Debug|Any CPU.Deploy.0 = Debug|iPhone
		{EF9CD4B4-E8BB-4BFF-A6EE-96C9E98D4D91}.Debug|ARM.ActiveCfg = Debug|iPhoneSimulator
		{EF9CD4B4-E8BB-4BFF-A6EE-96C9E98D4D91}.Debug|ARM.Build.0 = Debug|iPhoneSimulator
		{EF9CD4B4-E8BB-4BFF-A6EE-96C9E98D4D91}.Debug|ARM.Deploy.0 = Debug|iPhoneSimulator
		{EF9CD4B4-E8BB-4BFF-A6EE-96C9E98D4D91}.Debug|iPhone.ActiveCfg = Debug|iPhone
		{EF9CD4B4-E8BB-4BFF-A6EE-96C9E98D4D91}.Debug|iPhone.Build.0 = Debug|iPhone
		{EF9CD4B4-E8BB-4BFF-A6EE-96C9E98D4D91}.Debug|iPhone.Deploy.0 = Debug|iPhone
		{EF9CD4B4-E8BB-4BFF-A6EE-96C9E98D4D91}.Debug|iPhoneSimulator.ActiveCfg = Debug|iPhoneSimulator
		{EF9CD4B4-E8BB-4BFF-A6EE-96C9E98D4D91}.Debug|iPhoneSimulator.Build.0 = Debug|iPhoneSimulator
		{EF9CD4B4-E8BB-4BFF-A6EE-96C9E98D4D91}.Debug|iPhoneSimulator.Deploy.0 = Debug|iPhoneSimulator
		{EF9CD4B4-E8BB-4BFF-A6EE-96C9E98D4D91}.Debug|x64.ActiveCfg = Debug|iPhone
		{EF9CD4B4-E8BB-4BFF-A6EE-96C9E98D4D91}.Debug|x64.Build.0 = Debug|iPhone
		{EF9CD4B4-E8BB-4BFF-A6EE-96C9E98D4D91}.Debug|x64.Deploy.0 = Debug|iPhone
		{EF9CD4B4-E8BB-4BFF-A6EE-96C9E98D4D91}.Debug|x86.ActiveCfg = Debug|iPhone
		{EF9CD4B4-E8BB-4BFF-A6EE-96C9E98D4D91}.Debug|x86.Build.0 = Debug|iPhone
		{EF9CD4B4-E8BB-4BFF-A6EE-96C9E98D4D91}.Debug|x86.Deploy.0 = Debug|iPhone
		{EF9CD4B4-E8BB-4BFF-A6EE-96C9E98D4D91}.Release|Any CPU.ActiveCfg = Release|iPhone
		{EF9CD4B4-E8BB-4BFF-A6EE-96C9E98D4D91}.Release|Any CPU.Build.0 = Release|iPhone
		{EF9CD4B4-E8BB-4BFF-A6EE-96C9E98D4D91}.Release|Any CPU.Deploy.0 = Release|iPhone
		{EF9CD4B4-E8BB-4BFF-A6EE-96C9E98D4D91}.Release|ARM.ActiveCfg = Release|iPhone
		{EF9CD4B4-E8BB-4BFF-A6EE-96C9E98D4D91}.Release|ARM.Build.0 = Release|iPhone
		{EF9CD4B4-E8BB-4BFF-A6EE-96C9E98D4D91}.Release|ARM.Deploy.0 = Release|iPhone
		{EF9CD4B4-E8BB-4BFF-A6EE-96C9E98D4D91}.Release|iPhone.ActiveCfg = Release|iPhone
		{EF9CD4B4-E8BB-4BFF-A6EE-96C9E98D4D91}.Release|iPhone.Build.0 = Release|iPhone
		{EF9CD4B4-E8BB-4BFF-A6EE-96C9E98D4D91}.Release|iPhone.Deploy.0 = Release|iPhone
		{EF9CD4B4-E8BB-4BFF-A6EE-96C9E98D4D91}.Release|iPhoneSimulator.ActiveCfg = Release|iPhoneSimulator
		{EF9CD4B4-E8BB-4BFF-A6EE-96C9E98D4D91}.Release|iPhoneSimulator.Build.0 = Release|iPhoneSimulator
		{EF9CD4B4-E8BB-4BFF-A6EE-96C9E98D4D91}.Release|iPhoneSimulator.Deploy.0 = Release|iPhoneSimulator
		{EF9CD4B4-E8BB-4BFF-A6EE-96C9E98D4D91}.Release|x64.ActiveCfg = Release|iPhone
		{EF9CD4B4-E8BB-4BFF-A6EE-96C9E98D4D91}.Release|x64.Build.0 = Release|iPhone
		{EF9CD4B4-E8BB-4BFF-A6EE-96C9E98D4D91}.Release|x64.Deploy.0 = Release|iPhone
		{EF9CD4B4-E8BB-4BFF-A6EE-96C9E98D4D91}.Release|x86.ActiveCfg = Release|iPhone
		{EF9CD4B4-E8BB-4BFF-A6EE-96C9E98D4D91}.Release|x86.Build.0 = Release|iPhone
		{EF9CD4B4-E8BB-4BFF-A6EE-96C9E98D4D91}.Release|x86.Deploy.0 = Release|iPhone
		{4ABA2B5F-FC5E-4E54-A7A4-D69A65DC03D1}.Debug|Any CPU.ActiveCfg = Debug|Any CPU
		{4ABA2B5F-FC5E-4E54-A7A4-D69A65DC03D1}.Debug|Any CPU.Build.0 = Debug|Any CPU
		{4ABA2B5F-FC5E-4E54-A7A4-D69A65DC03D1}.Debug|Any CPU.Deploy.0 = Debug|Any CPU
		{4ABA2B5F-FC5E-4E54-A7A4-D69A65DC03D1}.Debug|ARM.ActiveCfg = Debug|Any CPU
		{4ABA2B5F-FC5E-4E54-A7A4-D69A65DC03D1}.Debug|ARM.Build.0 = Debug|Any CPU
		{4ABA2B5F-FC5E-4E54-A7A4-D69A65DC03D1}.Debug|ARM.Deploy.0 = Debug|Any CPU
		{4ABA2B5F-FC5E-4E54-A7A4-D69A65DC03D1}.Debug|iPhone.ActiveCfg = Debug|Any CPU
		{4ABA2B5F-FC5E-4E54-A7A4-D69A65DC03D1}.Debug|iPhone.Build.0 = Debug|Any CPU
		{4ABA2B5F-FC5E-4E54-A7A4-D69A65DC03D1}.Debug|iPhone.Deploy.0 = Debug|Any CPU
		{4ABA2B5F-FC5E-4E54-A7A4-D69A65DC03D1}.Debug|iPhoneSimulator.ActiveCfg = Debug|Any CPU
		{4ABA2B5F-FC5E-4E54-A7A4-D69A65DC03D1}.Debug|iPhoneSimulator.Build.0 = Debug|Any CPU
		{4ABA2B5F-FC5E-4E54-A7A4-D69A65DC03D1}.Debug|iPhoneSimulator.Deploy.0 = Debug|Any CPU
		{4ABA2B5F-FC5E-4E54-A7A4-D69A65DC03D1}.Debug|x64.ActiveCfg = Debug|Any CPU
		{4ABA2B5F-FC5E-4E54-A7A4-D69A65DC03D1}.Debug|x64.Build.0 = Debug|Any CPU
		{4ABA2B5F-FC5E-4E54-A7A4-D69A65DC03D1}.Debug|x64.Deploy.0 = Debug|Any CPU
		{4ABA2B5F-FC5E-4E54-A7A4-D69A65DC03D1}.Debug|x86.ActiveCfg = Debug|Any CPU
		{4ABA2B5F-FC5E-4E54-A7A4-D69A65DC03D1}.Debug|x86.Build.0 = Debug|Any CPU
		{4ABA2B5F-FC5E-4E54-A7A4-D69A65DC03D1}.Debug|x86.Deploy.0 = Debug|Any CPU
		{4ABA2B5F-FC5E-4E54-A7A4-D69A65DC03D1}.Release|Any CPU.ActiveCfg = Release|Any CPU
		{4ABA2B5F-FC5E-4E54-A7A4-D69A65DC03D1}.Release|Any CPU.Build.0 = Release|Any CPU
		{4ABA2B5F-FC5E-4E54-A7A4-D69A65DC03D1}.Release|Any CPU.Deploy.0 = Release|Any CPU
		{4ABA2B5F-FC5E-4E54-A7A4-D69A65DC03D1}.Release|ARM.ActiveCfg = Release|Any CPU
		{4ABA2B5F-FC5E-4E54-A7A4-D69A65DC03D1}.Release|ARM.Build.0 = Release|Any CPU
		{4ABA2B5F-FC5E-4E54-A7A4-D69A65DC03D1}.Release|ARM.Deploy.0 = Release|Any CPU
		{4ABA2B5F-FC5E-4E54-A7A4-D69A65DC03D1}.Release|iPhone.ActiveCfg = Release|Any CPU
		{4ABA2B5F-FC5E-4E54-A7A4-D69A65DC03D1}.Release|iPhone.Build.0 = Release|Any CPU
		{4ABA2B5F-FC5E-4E54-A7A4-D69A65DC03D1}.Release|iPhone.Deploy.0 = Release|Any CPU
		{4ABA2B5F-FC5E-4E54-A7A4-D69A65DC03D1}.Release|iPhoneSimulator.ActiveCfg = Release|Any CPU
		{4ABA2B5F-FC5E-4E54-A7A4-D69A65DC03D1}.Release|iPhoneSimulator.Build.0 = Release|Any CPU
		{4ABA2B5F-FC5E-4E54-A7A4-D69A65DC03D1}.Release|iPhoneSimulator.Deploy.0 = Release|Any CPU
		{4ABA2B5F-FC5E-4E54-A7A4-D69A65DC03D1}.Release|x64.ActiveCfg = Release|Any CPU
		{4ABA2B5F-FC5E-4E54-A7A4-D69A65DC03D1}.Release|x64.Build.0 = Release|Any CPU
		{4ABA2B5F-FC5E-4E54-A7A4-D69A65DC03D1}.Release|x64.Deploy.0 = Release|Any CPU
		{4ABA2B5F-FC5E-4E54-A7A4-D69A65DC03D1}.Release|x86.ActiveCfg = Release|Any CPU
		{4ABA2B5F-FC5E-4E54-A7A4-D69A65DC03D1}.Release|x86.Build.0 = Release|Any CPU
		{4ABA2B5F-FC5E-4E54-A7A4-D69A65DC03D1}.Release|x86.Deploy.0 = Release|Any CPU
	EndGlobalSection
	GlobalSection(SolutionProperties) = preSolution
		HideSolutionNode = FALSE
	EndGlobalSection
	GlobalSection(ExtensibilityGlobals) = postSolution
		SolutionGuid = {0EAD9F3C-7C4D-4C3E-841F-92FC8E45C788}
	EndGlobalSection
EndGlobal
